
Microsoft Visual Studio Solution File, Format Version 12.00
# Visual Studio Version 16
VisualStudioVersion = 16.0.31515.178
MinimumVisualStudioVersion = 10.0.40219.1
Project("{FAE04EC0-301F-11D3-BF4B-00C04F79EFBC}") = "QuotesWebApp", "QuotesWebApp.csproj", "{D85A45A5-D80E-45DB-A397-CCBE0949AECC}"
EndProject
Global
	GlobalSection(SolutionConfigurationPlatforms) = preSolution
		Debug|Any CPU = Debug|Any CPU
		Release|Any CPU = Release|Any CPU
	EndGlobalSection
	GlobalSection(ProjectConfigurationPlatforms) = postSolution
		{D85A45A5-D80E-45DB-A397-CCBE0949AECC}.Debug|Any CPU.ActiveCfg = Debug|Any CPU
		{D85A45A5-D80E-45DB-A397-CCBE0949AECC}.Debug|Any CPU.Build.0 = Debug|Any CPU
		{D85A45A5-D80E-45DB-A397-CCBE0949AECC}.Release|Any CPU.ActiveCfg = Release|Any CPU
		{D85A45A5-D80E-45DB-A397-CCBE0949AECC}.Release|Any CPU.Build.0 = Release|Any CPU
	EndGlobalSection
	GlobalSection(SolutionProperties) = preSolution
		HideSolutionNode = FALSE
	EndGlobalSection
	GlobalSection(ExtensibilityGlobals) = postSolution
		SolutionGuid = {90B12E5B-E071-4586-9943-C482C3AD2B3B}
	EndGlobalSection
EndGlobal
